{
    "_readme": [
        "This file locks the dependencies of your project to a known state",
        "Read more about it at https://getcomposer.org/doc/01-basic-usage.md#installing-dependencies",
        "This file is @generated automatically"
    ],
    "content-hash": "329d5521eb3d68ebdf2e270293948793",
    "packages": [
        {
            "name": "flexihash/flexihash",
            "version": "v2.0.2",
            "source": {
                "type": "git",
                "url": "https://github.com/pda/flexihash.git",
                "reference": "497ba5782606d998f8ab0b4e5942e3a799bec018"
            },
            "dist": {
                "type": "zip",
                "url": "https://api.github.com/repos/pda/flexihash/zipball/497ba5782606d998f8ab0b4e5942e3a799bec018",
                "reference": "497ba5782606d998f8ab0b4e5942e3a799bec018",
                "shasum": ""
            },
            "require": {
                "php": ">=5.4.0"
            },
            "require-dev": {
                "phpunit/phpunit": "^4.8",
                "satooshi/php-coveralls": "~1.0",
                "squizlabs/php_codesniffer": "^2.3",
                "symfony/config": "^2.0.0",
                "symfony/console": "^2.0.0",
                "symfony/filesystem": "^2.0.0",
                "symfony/stopwatch": "^2.0.0",
                "symfony/yaml": "^2.0.0"
            },
            "type": "library",
            "autoload": {
                "psr-4": {
                    "Flexihash\\": "src/"
                }
            },
            "notification-url": "https://packagist.org/downloads/",
            "license": [
                "MIT"
            ],
            "authors": [
                {
                    "name": "Paul Annesley",
                    "email": "paul@annesley.cc",
                    "homepage": "http://paul.annesley.cc"
                },
                {
                    "name": "Dom Morgan",
                    "email": "dom@d3r.com",
                    "homepage": "https://d3r.com"
                }
            ],
            "description": "Flexihash is a small PHP library which implements consistent hashing",
            "homepage": "https://github.com/pda/flexihash",
            "time": "2016-04-22T21:03:23+00:00"
        },
        {
            "name": "google/protobuf",
            "version": "v3.20.0RC2",
            "source": {
                "type": "git",
                "url": "https://github.com/protocolbuffers/protobuf-php.git",
                "reference": "66aacad932d188d0e3d112743085045846b206d2"
            },
            "dist": {
                "type": "zip",
                "url": "https://api.github.com/repos/protocolbuffers/protobuf-php/zipball/66aacad932d188d0e3d112743085045846b206d2",
                "reference": "66aacad932d188d0e3d112743085045846b206d2",
                "shasum": ""
            },
            "require": {
                "php": ">=5.5.0"
            },
            "require-dev": {
                "phpunit/phpunit": ">=4.8.0"
            },
            "suggest": {
                "ext-bcmath": "Need to support JSON deserialization"
            },
            "type": "library",
            "autoload": {
                "psr-4": {
                    "Google\\Protobuf\\": "src/Google/Protobuf",
                    "GPBMetadata\\Google\\Protobuf\\": "src/GPBMetadata/Google/Protobuf"
                }
            },
            "notification-url": "https://packagist.org/downloads/",
            "license": [
                "BSD-3-Clause"
            ],
            "description": "proto library for PHP",
            "homepage": "https://developers.google.com/protocol-buffers/",
            "keywords": [
                "proto"
            ],
            "support": {
                "issues": "https://github.com/protocolbuffers/protobuf-php/issues",
                "source": "https://github.com/protocolbuffers/protobuf-php/tree/v3.20.0RC2"
            },
            "time": "2022-03-16T20:37:43+00:00"
        },
        {
            "name": "grpc/grpc",
            "version": "1.30.0",
            "source": {
                "type": "git",
                "url": "https://github.com/grpc/grpc-php.git",
                "reference": "31952d18884d91c674b73f8b4da831f708706f20"
            },
            "dist": {
                "type": "zip",
                "url": "https://api.github.com/repos/grpc/grpc-php/zipball/31952d18884d91c674b73f8b4da831f708706f20",
                "reference": "31952d18884d91c674b73f8b4da831f708706f20",
                "shasum": ""
            },
            "require": {
                "php": ">=5.5.0"
            },
            "require-dev": {
                "google/auth": "^v1.3.0"
            },
            "suggest": {
                "ext-protobuf": "For better performance, install the protobuf C extension.",
                "google/protobuf": "To get started using grpc quickly, install the native protobuf library."
            },
            "type": "library",
            "autoload": {
                "psr-4": {
                    "Grpc\\": "src/lib/"
                }
            },
            "notification-url": "https://packagist.org/downloads/",
            "license": [
                "Apache-2.0"
            ],
            "description": "gRPC library for PHP",
            "homepage": "https://grpc.io",
            "keywords": [
                "rpc"
            ],
            "time": "2020-06-23T01:49:02+00:00"
        }
    ],
    "packages-dev": [],
    "aliases": [],
    "minimum-stability": "stable",
    "stability-flags": {
        "google/protobuf": 20
    },
    "prefer-stable": false,
    "prefer-lowest": false,
    "platform": {
        "ext-grpc": "*"
    },
    "platform-dev": [],
    "plugin-api-version": "2.2.0"
}
